
Microsoft Visual Studio Solution File, Format Version 12.00
# Visual Studio Version 16
VisualStudioVersion = 16.0.31105.61
MinimumVisualStudioVersion = 10.0.40219.1
Project("{9A19103F-16F7-4668-BE54-9A1E7A4F7556}") = "tmdb-file-rename", "tmdb-file-rename\tmdb-file-rename.csproj", "{569C2B7A-B855-440C-B6C3-AA565474D17C}"
EndProject
Project("{9A19103F-16F7-4668-BE54-9A1E7A4F7556}") = "files-to-letterboxd-csv", "files-to-letterboxd-csv\files-to-letterboxd-csv.csproj", "{E11AE6A8-A4A2-46F9-AD0B-E98FF669428F}"
EndProject
Project("{FAE04EC0-301F-11D3-BF4B-00C04F79EFBC}") = "film-collection-assistant", "film-collection-assistant\film-collection-assistant.csproj", "{8CD7B35B-A02B-4BF2-B86A-3EA8166EF8D2}"
EndProject
Global
	GlobalSection(SolutionConfigurationPlatforms) = preSolution
		Debug|Any CPU = Debug|Any CPU
		Release|Any CPU = Release|Any CPU
	EndGlobalSection
	GlobalSection(ProjectConfigurationPlatforms) = postSolution
		{569C2B7A-B855-440C-B6C3-AA565474D17C}.Debug|Any CPU.ActiveCfg = Debug|Any CPU
		{569C2B7A-B855-440C-B6C3-AA565474D17C}.Debug|Any CPU.Build.0 = Debug|Any CPU
		{569C2B7A-B855-440C-B6C3-AA565474D17C}.Release|Any CPU.ActiveCfg = Release|Any CPU
		{569C2B7A-B855-440C-B6C3-AA565474D17C}.Release|Any CPU.Build.0 = Release|Any CPU
		{E11AE6A8-A4A2-46F9-AD0B-E98FF669428F}.Debug|Any CPU.ActiveCfg = Debug|Any CPU
		{E11AE6A8-A4A2-46F9-AD0B-E98FF669428F}.Debug|Any CPU.Build.0 = Debug|Any CPU
		{E11AE6A8-A4A2-46F9-AD0B-E98FF669428F}.Release|Any CPU.ActiveCfg = Release|Any CPU
		{E11AE6A8-A4A2-46F9-AD0B-E98FF669428F}.Release|Any CPU.Build.0 = Release|Any CPU
		{8CD7B35B-A02B-4BF2-B86A-3EA8166EF8D2}.Debug|Any CPU.ActiveCfg = Debug|Any CPU
		{8CD7B35B-A02B-4BF2-B86A-3EA8166EF8D2}.Debug|Any CPU.Build.0 = Debug|Any CPU
		{8CD7B35B-A02B-4BF2-B86A-3EA8166EF8D2}.Release|Any CPU.ActiveCfg = Release|Any CPU
		{8CD7B35B-A02B-4BF2-B86A-3EA8166EF8D2}.Release|Any CPU.Build.0 = Release|Any CPU
	EndGlobalSection
	GlobalSection(SolutionProperties) = preSolution
		HideSolutionNode = FALSE
	EndGlobalSection
	GlobalSection(ExtensibilityGlobals) = postSolution
		SolutionGuid = {19957D57-C156-4A13-A75D-375B6E40840B}
	EndGlobalSection
EndGlobal
